{
  "name": "isotc211.geolexica.org",
  "version": "1.0.0",
  "lockfileVersion": 2,
  "requires": true,
  "packages": {
    "": {
      "dependencies": {
        "@glossarist/concept-browser": "file:../../glossarist/glossarist-vocabulary-browser"
      }
    },
    "../../glossarist/glossarist-vocabulary-browser": {
      "name": "@glossarist/concept-browser",
      "version": "0.3.7",
      "license": "MIT",
      "dependencies": {
        "@plurimath/plurimath": "^0.2.2",
        "@vitejs/plugin-vue": "^5.2.3",
        "autoprefixer": "^10.4.21",
        "d3": "^7.9.0",
        "glossarist": "file:../glossarist-js",
        "js-yaml": "^4.1.0",
        "pinia": "^2.3.1",
        "postcss": "^8.5.3",
        "tailwindcss": "^3.4.17",
        "vite": "^6.3.5",
        "vue": "^3.5.13",
        "vue-router": "^4.5.1"
      },
      "bin": {
        "concept-browser": "cli/index.mjs"
      },
      "devDependencies": {
        "@types/d3": "^7.4.3",
        "@vue/test-utils": "^2.4.8",
        "happy-dom": "^20.9.0",
        "typescript": "~5.7.3",
        "vitest": "^4.1.5",
        "vue-tsc": "^2.2.8"
      },
      "engines": {
        "node": ">=20"
      }
    },
    "node_modules/@glossarist/concept-browser": {
      "resolved": "../../glossarist/glossarist-vocabulary-browser",
      "link": true
    }
  },
  "dependencies": {
    "@glossarist/concept-browser": {
      "version": "file:../../glossarist/glossarist-vocabulary-browser",
      "requires": {
        "@plurimath/plurimath": "^0.2.2",
        "@types/d3": "^7.4.3",
        "@vitejs/plugin-vue": "^5.2.3",
        "@vue/test-utils": "^2.4.8",
        "autoprefixer": "^10.4.21",
        "d3": "^7.9.0",
        "glossarist": "file:../glossarist-js",
        "happy-dom": "^20.9.0",
        "js-yaml": "^4.1.0",
        "pinia": "^2.3.1",
        "postcss": "^8.5.3",
        "tailwindcss": "^3.4.17",
        "typescript": "~5.7.3",
        "vite": "^6.3.5",
        "vitest": "^4.1.5",
        "vue": "^3.5.13",
        "vue-router": "^4.5.1",
        "vue-tsc": "^2.2.8"
      }
    }
  }
}
